
Microsoft Visual Studio Solution File, Format Version 12.00
# Visual Studio 14
VisualStudioVersion = 14.0.23107.0
MinimumVisualStudioVersion = 10.0.40219.1
Project("{FAE04EC0-301F-11D3-BF4B-00C04F79EFBC}") = "USTRESET", "USTRESET\USTRESET.csproj", "{5E7AD5B8-3D50-46F2-83FE-591FD469AE89}"
EndProject
Project("{FAE04EC0-301F-11D3-BF4B-00C04F79EFBC}") = "X-SAMPAlizer", "X-SAMPAizer\X-SAMPAlizer.csproj", "{0186252C-9484-4EFA-93D0-051D45ABD42E}"
EndProject
Project("{FAE04EC0-301F-11D3-BF4B-00C04F79EFBC}") = "oto2ust", "oto2ust\oto2ust.csproj", "{B32E94E1-243A-4562-9FAC-CB87C09DD9A2}"
EndProject
Global
	GlobalSection(SolutionConfigurationPlatforms) = preSolution
		Debug|Any CPU = Debug|Any CPU
		Release|Any CPU = Release|Any CPU
	EndGlobalSection
	GlobalSection(ProjectConfigurationPlatforms) = postSolution
		{5E7AD5B8-3D50-46F2-83FE-591FD469AE89}.Debug|Any CPU.ActiveCfg = Debug|Any CPU
		{5E7AD5B8-3D50-46F2-83FE-591FD469AE89}.Debug|Any CPU.Build.0 = Debug|Any CPU
		{5E7AD5B8-3D50-46F2-83FE-591FD469AE89}.Release|Any CPU.ActiveCfg = Release|Any CPU
		{5E7AD5B8-3D50-46F2-83FE-591FD469AE89}.Release|Any CPU.Build.0 = Release|Any CPU
		{0186252C-9484-4EFA-93D0-051D45ABD42E}.Debug|Any CPU.ActiveCfg = Debug|Any CPU
		{0186252C-9484-4EFA-93D0-051D45ABD42E}.Debug|Any CPU.Build.0 = Debug|Any CPU
		{0186252C-9484-4EFA-93D0-051D45ABD42E}.Release|Any CPU.ActiveCfg = Release|Any CPU
		{0186252C-9484-4EFA-93D0-051D45ABD42E}.Release|Any CPU.Build.0 = Release|Any CPU
		{B32E94E1-243A-4562-9FAC-CB87C09DD9A2}.Debug|Any CPU.ActiveCfg = Debug|Any CPU
		{B32E94E1-243A-4562-9FAC-CB87C09DD9A2}.Debug|Any CPU.Build.0 = Debug|Any CPU
		{B32E94E1-243A-4562-9FAC-CB87C09DD9A2}.Release|Any CPU.ActiveCfg = Release|Any CPU
		{B32E94E1-243A-4562-9FAC-CB87C09DD9A2}.Release|Any CPU.Build.0 = Release|Any CPU
	EndGlobalSection
	GlobalSection(SolutionProperties) = preSolution
		HideSolutionNode = FALSE
	EndGlobalSection
EndGlobal
